// !$*UTF8*$!
{
	archiveVersion = 1;
	classes = {
	};
	objectVersion = 46;
	objects = {

/* Begin PBXBuildFile section */
		2DA68FEE224A196B7352288F /* libPods-SimpleChat.a in Frameworks */ = {isa = PBXBuildFile; fileRef = 701BD03774A02038498F62B5 /* libPods-SimpleChat.a */; };
		C2196488213F0232008182D7 /* BBMTestToken.m in Sources */ = {isa = PBXBuildFile; fileRef = C2196484213F0232008182D7 /* BBMTestToken.m */; };
		C2196489213F0232008182D7 /* BBMTestTokenManager.m in Sources */ = {isa = PBXBuildFile; fileRef = C2196487213F0232008182D7 /* BBMTestTokenManager.m */; };
		C219648D213F023F008182D7 /* BBMLocalCachedUserSource.m in Sources */ = {isa = PBXBuildFile; fileRef = C219648B213F023F008182D7 /* BBMLocalCachedUserSource.m */; };
		C226EC9A21401A6000E9A33A /* BBMAzureCosmosKeyStorageProvider.m in Sources */ = {isa = PBXBuildFile; fileRef = C226EC9821401A5F00E9A33A /* BBMAzureCosmosKeyStorageProvider.m */; };
		C226EC9B21401A6000E9A33A /* BBMFirebaseKeyStorageProvider.m in Sources */ = {isa = PBXBuildFile; fileRef = C226EC9921401A5F00E9A33A /* BBMFirebaseKeyStorageProvider.m */; };
		C2272424205842D400065279 /* BBMAzureUserManager.m in Sources */ = {isa = PBXBuildFile; fileRef = C2272423205842D400065279 /* BBMAzureUserManager.m */; };
		C227242A205842E800065279 /* BBMAzureTokenManager.m in Sources */ = {isa = PBXBuildFile; fileRef = C2272427205842E700065279 /* BBMAzureTokenManager.m */; };
		C227242B205842E800065279 /* BBMMicrosoftGraph.m in Sources */ = {isa = PBXBuildFile; fileRef = C2272429205842E700065279 /* BBMMicrosoftGraph.m */; };
		C227242D205845EB00065279 /* UIView+Extra.m in Sources */ = {isa = PBXBuildFile; fileRef = C2A58FF61FBB5742008C9C7E /* UIView+Extra.m */; };
		C23139C61EDC5CAD00C48084 /* AccountViewController.m in Sources */ = {isa = PBXBuildFile; fileRef = C23139C31EDC5CAD00C48084 /* AccountViewController.m */; };
		C23139C71EDC5CAD00C48084 /* AppDelegate.m in Sources */ = {isa = PBXBuildFile; fileRef = C23139C51EDC5CAD00C48084 /* AppDelegate.m */; };
		C23139C91EDC5CBB00C48084 /* Assets.xcassets in Resources */ = {isa = PBXBuildFile; fileRef = C23139C81EDC5CBB00C48084 /* Assets.xcassets */; };
		C23C18C61ECDF3DF00A0C83F /* GoogleService-Info.plist in Resources */ = {isa = PBXBuildFile; fileRef = C23C18C51ECDF3DF00A0C83F /* GoogleService-Info.plist */; };
		C253814D1FD1932B00659031 /* BBMChatParticipantDetailCell.m in Sources */ = {isa = PBXBuildFile; fileRef = C253814A1FD1932B00659031 /* BBMChatParticipantDetailCell.m */; };
		C253814E1FD1932B00659031 /* BBMChatParticipantsViewController.m in Sources */ = {isa = PBXBuildFile; fileRef = C253814C1FD1932B00659031 /* BBMChatParticipantsViewController.m */; };
		C256C7E02020BC7E00F042C7 /* BBMUserPasscodeManager.m in Sources */ = {isa = PBXBuildFile; fileRef = C256C7DF2020BC7E00F042C7 /* BBMUserPasscodeManager.m */; };
		C256C7E42020BC8C00F042C7 /* BBMSecUtil.m in Sources */ = {isa = PBXBuildFile; fileRef = C256C7E32020BC8C00F042C7 /* BBMSecUtil.m */; };
		C256C7E52020BD1D00F042C7 /* NSString+Base64.m in Sources */ = {isa = PBXBuildFile; fileRef = C2A5900C1FBB5742008C9C7E /* NSString+Base64.m */; };
		C28D804B2060061C00021882 /* BBMConfigManager.m in Sources */ = {isa = PBXBuildFile; fileRef = C28D804A2060061C00021882 /* BBMConfigManager.m */; };
		C296F08E1EDC5CE6000214A2 /* LaunchScreen.storyboard in Resources */ = {isa = PBXBuildFile; fileRef = C296F08A1EDC5CE6000214A2 /* LaunchScreen.storyboard */; };
		C296F08F1EDC5CE6000214A2 /* Main.storyboard in Resources */ = {isa = PBXBuildFile; fileRef = C296F08C1EDC5CE6000214A2 /* Main.storyboard */; };
		C296F0931EDC5F01000214A2 /* main.m in Sources */ = {isa = PBXBuildFile; fileRef = C296F0921EDC5F01000214A2 /* main.m */; };
		C296F0991EDC665B000214A2 /* ChatsListViewController.m in Sources */ = {isa = PBXBuildFile; fileRef = C296F0981EDC665B000214A2 /* ChatsListViewController.m */; };
		C296F09C1EDC667E000214A2 /* ChatViewController.m in Sources */ = {isa = PBXBuildFile; fileRef = C296F09B1EDC667E000214A2 /* ChatViewController.m */; };
		C296F0A01EDC69E3000214A2 /* StartChatViewController.m in Sources */ = {isa = PBXBuildFile; fileRef = C296F09F1EDC69E3000214A2 /* StartChatViewController.m */; };
		C296F0A61EDC6B2B000214A2 /* SimpleChatApp.m in Sources */ = {isa = PBXBuildFile; fileRef = C296F0A51EDC6B2B000214A2 /* SimpleChatApp.m */; };
		C2A5900F1FBB5771008C9C7E /* BBMAuthController.m in Sources */ = {isa = PBXBuildFile; fileRef = C2A58F9C1FBB5742008C9C7E /* BBMAuthController.m */; };
		C2A590101FBB5771008C9C7E /* BBMAuthenticatedAccount.m in Sources */ = {isa = PBXBuildFile; fileRef = C2A58F9E1FBB5742008C9C7E /* BBMAuthenticatedAccount.m */; };
		C2A590111FBB5771008C9C7E /* BBMGoogleTokenManager.m in Sources */ = {isa = PBXBuildFile; fileRef = C2A58FA21FBB5742008C9C7E /* BBMGoogleTokenManager.m */; };
		C2A590121FBB5771008C9C7E /* BBMAccess.m in Sources */ = {isa = PBXBuildFile; fileRef = C2A58FA51FBB5742008C9C7E /* BBMAccess.m */; };
		C2A590131FBB5771008C9C7E /* BBMChatCreator.m in Sources */ = {isa = PBXBuildFile; fileRef = C2A58FA71FBB5742008C9C7E /* BBMChatCreator.m */; };
		C2A590141FBB5771008C9C7E /* BBMChatMessageListener.m in Sources */ = {isa = PBXBuildFile; fileRef = C2A58FA91FBB5742008C9C7E /* BBMChatMessageListener.m */; };
		C2A590151FBB5771008C9C7E /* BBMEndpoint.m in Sources */ = {isa = PBXBuildFile; fileRef = C2A58FAD1FBB5742008C9C7E /* BBMEndpoint.m */; };
		C2A590161FBB5771008C9C7E /* BBMEndpointManager.m in Sources */ = {isa = PBXBuildFile; fileRef = C2A58FAF1FBB5742008C9C7E /* BBMEndpointManager.m */; };
		C2A590171FBB5771008C9C7E /* BBMKeyManager.m in Sources */ = {isa = PBXBuildFile; fileRef = C2A58FB21FBB5742008C9C7E /* BBMKeyManager.m */; };
		C2A590181FBB5771008C9C7E /* BBMKeyPair.m in Sources */ = {isa = PBXBuildFile; fileRef = C2A58FB41FBB5742008C9C7E /* BBMKeyPair.m */; };
		C2A590191FBB5771008C9C7E /* BBMProfileKeys.m in Sources */ = {isa = PBXBuildFile; fileRef = C2A58FB71FBB5742008C9C7E /* BBMProfileKeys.m */; };
		C2A5901B1FBB5771008C9C7E /* BBMUIUtilities.m in Sources */ = {isa = PBXBuildFile; fileRef = C2A58FBE1FBB5742008C9C7E /* BBMUIUtilities.m */; };
		C2A5901C1FBB5771008C9C7E /* BBMMessageInputView.m in Sources */ = {isa = PBXBuildFile; fileRef = C2A58FC41FBB5742008C9C7E /* BBMMessageInputView.m */; };
		C2A5901D1FBB5771008C9C7E /* BBMTimedMessageViewController.m in Sources */ = {isa = PBXBuildFile; fileRef = C2A58FC61FBB5742008C9C7E /* BBMTimedMessageViewController.m */; };
		C2A5901E1FBB5771008C9C7E /* BBMChatMessageDataSource.m in Sources */ = {isa = PBXBuildFile; fileRef = C2A58FC81FBB5742008C9C7E /* BBMChatMessageDataSource.m */; };
		C2A5901F1FBB5771008C9C7E /* BBMChatViewController.m in Sources */ = {isa = PBXBuildFile; fileRef = C2A58FCA1FBB5742008C9C7E /* BBMChatViewController.m */; };
		C2A590201FBB5771008C9C7E /* BBMFileMessageCell.m in Sources */ = {isa = PBXBuildFile; fileRef = C2A58FCD1FBB5742008C9C7E /* BBMFileMessageCell.m */; };
		C2A590211FBB5771008C9C7E /* BBMMessageCell.m in Sources */ = {isa = PBXBuildFile; fileRef = C2A58FCF1FBB5742008C9C7E /* BBMMessageCell.m */; };
		C2A590221FBB5771008C9C7E /* BBMPictureMessageCell.m in Sources */ = {isa = PBXBuildFile; fileRef = C2A58FD11FBB5742008C9C7E /* BBMPictureMessageCell.m */; };
		C2A590231FBB5771008C9C7E /* BBMQuotedMessageCell.m in Sources */ = {isa = PBXBuildFile; fileRef = C2A58FD31FBB5742008C9C7E /* BBMQuotedMessageCell.m */; };
		C2A590241FBB5771008C9C7E /* BBMTextMessageCell.m in Sources */ = {isa = PBXBuildFile; fileRef = C2A58FD51FBB5742008C9C7E /* BBMTextMessageCell.m */; };
		C2A590251FBB5771008C9C7E /* BBMMediaCallHelper.m in Sources */ = {isa = PBXBuildFile; fileRef = C2A58FD81FBB5742008C9C7E /* BBMMediaCallHelper.m */; };
		C2A590261FBB5771008C9C7E /* BBMMessageLoader.m in Sources */ = {isa = PBXBuildFile; fileRef = C2A58FDA1FBB5742008C9C7E /* BBMMessageLoader.m */; };
		C2A590271FBB5771008C9C7E /* BBMMessageStatusLoader.m in Sources */ = {isa = PBXBuildFile; fileRef = C2A58FDC1FBB5742008C9C7E /* BBMMessageStatusLoader.m */; };
		C2A590281FBB5771008C9C7E /* BBMTimedMessageManager.m in Sources */ = {isa = PBXBuildFile; fileRef = C2A58FDE1FBB5742008C9C7E /* BBMTimedMessageManager.m */; };
		C2A590291FBB5771008C9C7E /* BBMGroupChatMessageDetailCell.m in Sources */ = {isa = PBXBuildFile; fileRef = C2A58FE11FBB5742008C9C7E /* BBMGroupChatMessageDetailCell.m */; };
		C2A5902A1FBB5771008C9C7E /* BBMGroupChatMessageDetailView.m in Sources */ = {isa = PBXBuildFile; fileRef = C2A58FE31FBB5742008C9C7E /* BBMGroupChatMessageDetailView.m */; };
		C2A5902B1FBB5771008C9C7E /* BBMChatMessage+Extensions.m in Sources */ = {isa = PBXBuildFile; fileRef = C2A58FEC1FBB5742008C9C7E /* BBMChatMessage+Extensions.m */; };
		C2A5902C1FBB5771008C9C7E /* BBMUser+Extensions.m in Sources */ = {isa = PBXBuildFile; fileRef = C2A58FEE1FBB5742008C9C7E /* BBMUser+Extensions.m */; };
		C2A5902D1FBB5771008C9C7E /* BBMLocalNotificationManager.m in Sources */ = {isa = PBXBuildFile; fileRef = C2A58FF11FBB5742008C9C7E /* BBMLocalNotificationManager.m */; };
		C2A5902E1FBB5771008C9C7E /* BBMMessageNotificationView.m in Sources */ = {isa = PBXBuildFile; fileRef = C2A58FF31FBB5742008C9C7E /* BBMMessageNotificationView.m */; };
		C2A5902F1FBB5771008C9C7E /* BBMAppUser.m in Sources */ = {isa = PBXBuildFile; fileRef = C2A58FF91FBB5742008C9C7E /* BBMAppUser.m */; };
		C2A590301FBB5771008C9C7E /* BBMUserManager.m in Sources */ = {isa = PBXBuildFile; fileRef = C2A58FFD1FBB5742008C9C7E /* BBMUserManager.m */; };
		C2A590321FBB5771008C9C7E /* BBMImageLoader.m in Sources */ = {isa = PBXBuildFile; fileRef = C2A590031FBB5742008C9C7E /* BBMImageLoader.m */; };
		C2A590331FBB5771008C9C7E /* BBMImageCache.m in Sources */ = {isa = PBXBuildFile; fileRef = C2A590061FBB5742008C9C7E /* BBMImageCache.m */; };
		C2A590341FBB5771008C9C7E /* BBMUtilities.m in Sources */ = {isa = PBXBuildFile; fileRef = C2A590081FBB5742008C9C7E /* BBMUtilities.m */; };
		C2B89E4920A3542700483326 /* ConfigSettings.plist in Resources */ = {isa = PBXBuildFile; fileRef = C2B89E4820A3542600483326 /* ConfigSettings.plist */; };
		C2D8BAEB20753E4700FA2E45 /* BBMKMSManager.m in Sources */ = {isa = PBXBuildFile; fileRef = C2D8BAEA20753E4700FA2E45 /* BBMKMSManager.m */; };
		C2FBF5BF1ECCE4F7004D6691 /* BBMEnterprise.framework in Frameworks */ = {isa = PBXBuildFile; fileRef = C2FBF5BD1ECCE4EA004D6691 /* BBMEnterprise.framework */; };
		C2FBF5C01ECCE4F7004D6691 /* BBMEnterprise.framework in Embed Frameworks */ = {isa = PBXBuildFile; fileRef = C2FBF5BD1ECCE4EA004D6691 /* BBMEnterprise.framework */; settings = {ATTRIBUTES = (CodeSignOnCopy, RemoveHeadersOnCopy, ); }; };
/* End PBXBuildFile section */

/* Begin PBXCopyFilesBuildPhase section */
		C2FBF5BC1ECCE4AA004D6691 /* Embed Frameworks */ = {
			isa = PBXCopyFilesBuildPhase;
			buildActionMask = 2147483647;
			dstPath = "";
			dstSubfolderSpec = 10;
			files = (
				C2FBF5C01ECCE4F7004D6691 /* BBMEnterprise.framework in Embed Frameworks */,
			);
			name = "Embed Frameworks";
			runOnlyForDeploymentPostprocessing = 0;
		};
/* End PBXCopyFilesBuildPhase section */

/* Begin PBXFileReference section */
		4DA5C822F94217231F5412C9 /* libPods-QuickStart.a */ = {isa = PBXFileReference; explicitFileType = archive.ar; includeInIndex = 0; path = "libPods-QuickStart.a"; sourceTree = BUILT_PRODUCTS_DIR; };
		701BD03774A02038498F62B5 /* libPods-SimpleChat.a */ = {isa = PBXFileReference; explicitFileType = archive.ar; includeInIndex = 0; path = "libPods-SimpleChat.a"; sourceTree = BUILT_PRODUCTS_DIR; };
		84A4A96678E4F057292AECB4 /* Pods-SimpleChat.release.xcconfig */ = {isa = PBXFileReference; includeInIndex = 1; lastKnownFileType = text.xcconfig; name = "Pods-SimpleChat.release.xcconfig"; path = "Pods/Target Support Files/Pods-SimpleChat/Pods-SimpleChat.release.xcconfig"; sourceTree = "<group>"; };
		C2196484213F0232008182D7 /* BBMTestToken.m */ = {isa = PBXFileReference; fileEncoding = 4; lastKnownFileType = sourcecode.c.objc; path = BBMTestToken.m; sourceTree = "<group>"; };
		C2196485213F0232008182D7 /* BBMTestTokenManager.h */ = {isa = PBXFileReference; fileEncoding = 4; lastKnownFileType = sourcecode.c.h; path = BBMTestTokenManager.h; sourceTree = "<group>"; };
		C2196486213F0232008182D7 /* BBMTestToken.h */ = {isa = PBXFileReference; fileEncoding = 4; lastKnownFileType = sourcecode.c.h; path = BBMTestToken.h; sourceTree = "<group>"; };
		C2196487213F0232008182D7 /* BBMTestTokenManager.m */ = {isa = PBXFileReference; fileEncoding = 4; lastKnownFileType = sourcecode.c.objc; path = BBMTestTokenManager.m; sourceTree = "<group>"; };
		C219648B213F023F008182D7 /* BBMLocalCachedUserSource.m */ = {isa = PBXFileReference; fileEncoding = 4; lastKnownFileType = sourcecode.c.objc; path = BBMLocalCachedUserSource.m; sourceTree = "<group>"; };
		C219648C213F023F008182D7 /* BBMLocalCachedUserSource.h */ = {isa = PBXFileReference; fileEncoding = 4; lastKnownFileType = sourcecode.c.h; path = BBMLocalCachedUserSource.h; sourceTree = "<group>"; };
		C226EC9621401A5F00E9A33A /* BBMAzureCosmosKeyStorageProvider.h */ = {isa = PBXFileReference; fileEncoding = 4; lastKnownFileType = sourcecode.c.h; path = BBMAzureCosmosKeyStorageProvider.h; sourceTree = "<group>"; };
		C226EC9721401A5F00E9A33A /* BBMFirebaseKeyStorageProvider.h */ = {isa = PBXFileReference; fileEncoding = 4; lastKnownFileType = sourcecode.c.h; path = BBMFirebaseKeyStorageProvider.h; sourceTree = "<group>"; };
		C226EC9821401A5F00E9A33A /* BBMAzureCosmosKeyStorageProvider.m */ = {isa = PBXFileReference; fileEncoding = 4; lastKnownFileType = sourcecode.c.objc; path = BBMAzureCosmosKeyStorageProvider.m; sourceTree = "<group>"; };
		C226EC9921401A5F00E9A33A /* BBMFirebaseKeyStorageProvider.m */ = {isa = PBXFileReference; fileEncoding = 4; lastKnownFileType = sourcecode.c.objc; path = BBMFirebaseKeyStorageProvider.m; sourceTree = "<group>"; };
		C2272422205842D400065279 /* BBMAzureUserManager.h */ = {isa = PBXFileReference; fileEncoding = 4; lastKnownFileType = sourcecode.c.h; path = BBMAzureUserManager.h; sourceTree = "<group>"; };
		C2272423205842D400065279 /* BBMAzureUserManager.m */ = {isa = PBXFileReference; fileEncoding = 4; lastKnownFileType = sourcecode.c.objc; path = BBMAzureUserManager.m; sourceTree = "<group>"; };
		C2272426205842E700065279 /* BBMAzureTokenManager.h */ = {isa = PBXFileReference; fileEncoding = 4; lastKnownFileType = sourcecode.c.h; path = BBMAzureTokenManager.h; sourceTree = "<group>"; };
		C2272427205842E700065279 /* BBMAzureTokenManager.m */ = {isa = PBXFileReference; fileEncoding = 4; lastKnownFileType = sourcecode.c.objc; path = BBMAzureTokenManager.m; sourceTree = "<group>"; };
		C2272428205842E700065279 /* BBMMicrosoftGraph.h */ = {isa = PBXFileReference; fileEncoding = 4; lastKnownFileType = sourcecode.c.h; path = BBMMicrosoftGraph.h; sourceTree = "<group>"; };
		C2272429205842E700065279 /* BBMMicrosoftGraph.m */ = {isa = PBXFileReference; fileEncoding = 4; lastKnownFileType = sourcecode.c.objc; path = BBMMicrosoftGraph.m; sourceTree = "<group>"; };
		C23139C21EDC5CAD00C48084 /* AccountViewController.h */ = {isa = PBXFileReference; fileEncoding = 4; lastKnownFileType = sourcecode.c.h; name = AccountViewController.h; path = SimpleChat/AccountViewController.h; sourceTree = SOURCE_ROOT; };
		C23139C31EDC5CAD00C48084 /* AccountViewController.m */ = {isa = PBXFileReference; fileEncoding = 4; lastKnownFileType = sourcecode.c.objc; name = AccountViewController.m; path = SimpleChat/AccountViewController.m; sourceTree = SOURCE_ROOT; };
		C23139C41EDC5CAD00C48084 /* AppDelegate.h */ = {isa = PBXFileReference; fileEncoding = 4; lastKnownFileType = sourcecode.c.h; name = AppDelegate.h; path = SimpleChat/AppDelegate.h; sourceTree = SOURCE_ROOT; };
		C23139C51EDC5CAD00C48084 /* AppDelegate.m */ = {isa = PBXFileReference; fileEncoding = 4; lastKnownFileType = sourcecode.c.objc; name = AppDelegate.m; path = SimpleChat/AppDelegate.m; sourceTree = SOURCE_ROOT; };
		C23139C81EDC5CBB00C48084 /* Assets.xcassets */ = {isa = PBXFileReference; lastKnownFileType = folder.assetcatalog; name = Assets.xcassets; path = SimpleChat/Assets.xcassets; sourceTree = SOURCE_ROOT; };
		C23C18C11ECDDC8600A0C83F /* Podfile */ = {isa = PBXFileReference; lastKnownFileType = text; path = Podfile; sourceTree = SOURCE_ROOT; xcLanguageSpecificationIdentifier = xcode.lang.ruby; };
		C23C18C51ECDF3DF00A0C83F /* GoogleService-Info.plist */ = {isa = PBXFileReference; fileEncoding = 4; lastKnownFileType = text.plist.xml; name = "GoogleService-Info.plist"; path = "3rdParty/Google/GoogleService-Info.plist"; sourceTree = "<group>"; };
		C25381491FD1932B00659031 /* BBMChatParticipantDetailCell.h */ = {isa = PBXFileReference; fileEncoding = 4; lastKnownFileType = sourcecode.c.h; path = BBMChatParticipantDetailCell.h; sourceTree = "<group>"; };
		C253814A1FD1932B00659031 /* BBMChatParticipantDetailCell.m */ = {isa = PBXFileReference; fileEncoding = 4; lastKnownFileType = sourcecode.c.objc; path = BBMChatParticipantDetailCell.m; sourceTree = "<group>"; };
		C253814B1FD1932B00659031 /* BBMChatParticipantsViewController.h */ = {isa = PBXFileReference; fileEncoding = 4; lastKnownFileType = sourcecode.c.h; path = BBMChatParticipantsViewController.h; sourceTree = "<group>"; };
		C253814C1FD1932B00659031 /* BBMChatParticipantsViewController.m */ = {isa = PBXFileReference; fileEncoding = 4; lastKnownFileType = sourcecode.c.objc; path = BBMChatParticipantsViewController.m; sourceTree = "<group>"; };
		C256C7DE2020BC7E00F042C7 /* BBMUserPasscodeManager.h */ = {isa = PBXFileReference; fileEncoding = 4; lastKnownFileType = sourcecode.c.h; path = BBMUserPasscodeManager.h; sourceTree = "<group>"; };
		C256C7DF2020BC7E00F042C7 /* BBMUserPasscodeManager.m */ = {isa = PBXFileReference; fileEncoding = 4; lastKnownFileType = sourcecode.c.objc; path = BBMUserPasscodeManager.m; sourceTree = "<group>"; };
		C256C7E22020BC8C00F042C7 /* BBMSecUtil.h */ = {isa = PBXFileReference; fileEncoding = 4; lastKnownFileType = sourcecode.c.h; path = BBMSecUtil.h; sourceTree = "<group>"; };
		C256C7E32020BC8C00F042C7 /* BBMSecUtil.m */ = {isa = PBXFileReference; fileEncoding = 4; lastKnownFileType = sourcecode.c.objc; path = BBMSecUtil.m; sourceTree = "<group>"; };
		C28D80492060061B00021882 /* BBMConfigManager.h */ = {isa = PBXFileReference; fileEncoding = 4; lastKnownFileType = sourcecode.c.h; path = BBMConfigManager.h; sourceTree = "<group>"; };
		C28D804A2060061C00021882 /* BBMConfigManager.m */ = {isa = PBXFileReference; fileEncoding = 4; lastKnownFileType = sourcecode.c.objc; path = BBMConfigManager.m; sourceTree = "<group>"; };
		C296F08B1EDC5CE6000214A2 /* Base */ = {isa = PBXFileReference; lastKnownFileType = file.storyboard; name = Base; path = SimpleChat/Base.lproj/LaunchScreen.storyboard; sourceTree = SOURCE_ROOT; };
		C296F08D1EDC5CE6000214A2 /* Base */ = {isa = PBXFileReference; lastKnownFileType = file.storyboard; name = Base; path = SimpleChat/Base.lproj/Main.storyboard; sourceTree = SOURCE_ROOT; };
		C296F0901EDC5EF8000214A2 /* Info.plist */ = {isa = PBXFileReference; fileEncoding = 4; lastKnownFileType = text.plist.xml; name = Info.plist; path = SimpleChat/Info.plist; sourceTree = SOURCE_ROOT; };
		C296F0921EDC5F01000214A2 /* main.m */ = {isa = PBXFileReference; fileEncoding = 4; lastKnownFileType = sourcecode.c.objc; name = main.m; path = SimpleChat/main.m; sourceTree = SOURCE_ROOT; };
		C296F0941EDC5F1A000214A2 /* ConfigSettings.h */ = {isa = PBXFileReference; lastKnownFileType = sourcecode.c.h; name = ConfigSettings.h; path = SimpleChat/ConfigSettings.h; sourceTree = SOURCE_ROOT; };
		C296F0971EDC665B000214A2 /* ChatsListViewController.h */ = {isa = PBXFileReference; fileEncoding = 4; lastKnownFileType = sourcecode.c.h; name = ChatsListViewController.h; path = SimpleChat/ChatsListViewController.h; sourceTree = SOURCE_ROOT; };
		C296F0981EDC665B000214A2 /* ChatsListViewController.m */ = {isa = PBXFileReference; fileEncoding = 4; lastKnownFileType = sourcecode.c.objc; name = ChatsListViewController.m; path = SimpleChat/ChatsListViewController.m; sourceTree = SOURCE_ROOT; };
		C296F09A1EDC667E000214A2 /* ChatViewController.h */ = {isa = PBXFileReference; fileEncoding = 4; lastKnownFileType = sourcecode.c.h; name = ChatViewController.h; path = SimpleChat/ChatViewController.h; sourceTree = SOURCE_ROOT; };
		C296F09B1EDC667E000214A2 /* ChatViewController.m */ = {isa = PBXFileReference; fileEncoding = 4; lastKnownFileType = sourcecode.c.objc; name = ChatViewController.m; path = SimpleChat/ChatViewController.m; sourceTree = SOURCE_ROOT; };
		C296F09E1EDC69E3000214A2 /* StartChatViewController.h */ = {isa = PBXFileReference; fileEncoding = 4; lastKnownFileType = sourcecode.c.h; name = StartChatViewController.h; path = SimpleChat/StartChatViewController.h; sourceTree = SOURCE_ROOT; };
		C296F09F1EDC69E3000214A2 /* StartChatViewController.m */ = {isa = PBXFileReference; fileEncoding = 4; lastKnownFileType = sourcecode.c.objc; name = StartChatViewController.m; path = SimpleChat/StartChatViewController.m; sourceTree = SOURCE_ROOT; };
		C296F0A41EDC6B2B000214A2 /* SimpleChatApp.h */ = {isa = PBXFileReference; fileEncoding = 4; lastKnownFileType = sourcecode.c.h; name = SimpleChatApp.h; path = SimpleChat/SimpleChatApp.h; sourceTree = SOURCE_ROOT; };
		C296F0A51EDC6B2B000214A2 /* SimpleChatApp.m */ = {isa = PBXFileReference; fileEncoding = 4; lastKnownFileType = sourcecode.c.objc; name = SimpleChatApp.m; path = SimpleChat/SimpleChatApp.m; sourceTree = SOURCE_ROOT; };
		C2A58F9B1FBB5742008C9C7E /* BBMAuthController.h */ = {isa = PBXFileReference; lastKnownFileType = sourcecode.c.h; path = BBMAuthController.h; sourceTree = "<group>"; };
		C2A58F9C1FBB5742008C9C7E /* BBMAuthController.m */ = {isa = PBXFileReference; lastKnownFileType = sourcecode.c.objc; path = BBMAuthController.m; sourceTree = "<group>"; };
		C2A58F9D1FBB5742008C9C7E /* BBMAuthenticatedAccount.h */ = {isa = PBXFileReference; lastKnownFileType = sourcecode.c.h; path = BBMAuthenticatedAccount.h; sourceTree = "<group>"; };
		C2A58F9E1FBB5742008C9C7E /* BBMAuthenticatedAccount.m */ = {isa = PBXFileReference; lastKnownFileType = sourcecode.c.objc; path = BBMAuthenticatedAccount.m; sourceTree = "<group>"; };
		C2A58F9F1FBB5742008C9C7E /* BBMAuthenticationDelegate.h */ = {isa = PBXFileReference; lastKnownFileType = sourcecode.c.h; path = BBMAuthenticationDelegate.h; sourceTree = "<group>"; };
		C2A58FA11FBB5742008C9C7E /* BBMGoogleTokenManager.h */ = {isa = PBXFileReference; lastKnownFileType = sourcecode.c.h; path = BBMGoogleTokenManager.h; sourceTree = "<group>"; };
		C2A58FA21FBB5742008C9C7E /* BBMGoogleTokenManager.m */ = {isa = PBXFileReference; lastKnownFileType = sourcecode.c.objc; path = BBMGoogleTokenManager.m; sourceTree = "<group>"; };
		C2A58FA41FBB5742008C9C7E /* BBMAccess.h */ = {isa = PBXFileReference; lastKnownFileType = sourcecode.c.h; path = BBMAccess.h; sourceTree = "<group>"; };
		C2A58FA51FBB5742008C9C7E /* BBMAccess.m */ = {isa = PBXFileReference; lastKnownFileType = sourcecode.c.objc; path = BBMAccess.m; sourceTree = "<group>"; };
		C2A58FA61FBB5742008C9C7E /* BBMChatCreator.h */ = {isa = PBXFileReference; lastKnownFileType = sourcecode.c.h; path = BBMChatCreator.h; sourceTree = "<group>"; };
		C2A58FA71FBB5742008C9C7E /* BBMChatCreator.m */ = {isa = PBXFileReference; lastKnownFileType = sourcecode.c.objc; path = BBMChatCreator.m; sourceTree = "<group>"; };
		C2A58FA81FBB5742008C9C7E /* BBMChatMessageListener.h */ = {isa = PBXFileReference; lastKnownFileType = sourcecode.c.h; path = BBMChatMessageListener.h; sourceTree = "<group>"; };
		C2A58FA91FBB5742008C9C7E /* BBMChatMessageListener.m */ = {isa = PBXFileReference; lastKnownFileType = sourcecode.c.objc; path = BBMChatMessageListener.m; sourceTree = "<group>"; };
		C2A58FAA1FBB5742008C9C7E /* BBMESupport_SwiftBridgingHeader.h */ = {isa = PBXFileReference; lastKnownFileType = sourcecode.c.h; path = BBMESupport_SwiftBridgingHeader.h; sourceTree = "<group>"; };
		C2A58FAC1FBB5742008C9C7E /* BBMEndpoint.h */ = {isa = PBXFileReference; lastKnownFileType = sourcecode.c.h; path = BBMEndpoint.h; sourceTree = "<group>"; };
		C2A58FAD1FBB5742008C9C7E /* BBMEndpoint.m */ = {isa = PBXFileReference; lastKnownFileType = sourcecode.c.objc; path = BBMEndpoint.m; sourceTree = "<group>"; };
		C2A58FAE1FBB5742008C9C7E /* BBMEndpointManager.h */ = {isa = PBXFileReference; lastKnownFileType = sourcecode.c.h; path = BBMEndpointManager.h; sourceTree = "<group>"; };
		C2A58FAF1FBB5742008C9C7E /* BBMEndpointManager.m */ = {isa = PBXFileReference; lastKnownFileType = sourcecode.c.objc; path = BBMEndpointManager.m; sourceTree = "<group>"; };
		C2A58FB11FBB5742008C9C7E /* BBMKeyManager.h */ = {isa = PBXFileReference; lastKnownFileType = sourcecode.c.h; path = BBMKeyManager.h; sourceTree = "<group>"; };
		C2A58FB21FBB5742008C9C7E /* BBMKeyManager.m */ = {isa = PBXFileReference; lastKnownFileType = sourcecode.c.objc; path = BBMKeyManager.m; sourceTree = "<group>"; };
		C2A58FB31FBB5742008C9C7E /* BBMKeyPair.h */ = {isa = PBXFileReference; lastKnownFileType = sourcecode.c.h; path = BBMKeyPair.h; sourceTree = "<group>"; };
		C2A58FB41FBB5742008C9C7E /* BBMKeyPair.m */ = {isa = PBXFileReference; lastKnownFileType = sourcecode.c.objc; path = BBMKeyPair.m; sourceTree = "<group>"; };
		C2A58FB51FBB5742008C9C7E /* BBMKeyStorageProvider.h */ = {isa = PBXFileReference; lastKnownFileType = sourcecode.c.h; path = BBMKeyStorageProvider.h; sourceTree = "<group>"; };
		C2A58FB61FBB5742008C9C7E /* BBMProfileKeys.h */ = {isa = PBXFileReference; lastKnownFileType = sourcecode.c.h; path = BBMProfileKeys.h; sourceTree = "<group>"; };
		C2A58FB71FBB5742008C9C7E /* BBMProfileKeys.m */ = {isa = PBXFileReference; lastKnownFileType = sourcecode.c.objc; path = BBMProfileKeys.m; sourceTree = "<group>"; };
		C2A58FBC1FBB5742008C9C7E /* BBMMessageTypes.h */ = {isa = PBXFileReference; lastKnownFileType = sourcecode.c.h; path = BBMMessageTypes.h; sourceTree = "<group>"; };
		C2A58FBD1FBB5742008C9C7E /* BBMUIUtilities.h */ = {isa = PBXFileReference; lastKnownFileType = sourcecode.c.h; path = BBMUIUtilities.h; sourceTree = "<group>"; };
		C2A58FBE1FBB5742008C9C7E /* BBMUIUtilities.m */ = {isa = PBXFileReference; lastKnownFileType = sourcecode.c.objc; path = BBMUIUtilities.m; sourceTree = "<group>"; };
		C2A58FBF1FBB5742008C9C7E /* BBMUIWidgets.h */ = {isa = PBXFileReference; lastKnownFileType = sourcecode.c.h; path = BBMUIWidgets.h; sourceTree = "<group>"; };
		C2A58FC01FBB5742008C9C7E /* BBMUIWidgetsConfig.h */ = {isa = PBXFileReference; lastKnownFileType = sourcecode.c.h; path = BBMUIWidgetsConfig.h; sourceTree = "<group>"; };
		C2A58FC31FBB5742008C9C7E /* BBMMessageInputView.h */ = {isa = PBXFileReference; lastKnownFileType = sourcecode.c.h; path = BBMMessageInputView.h; sourceTree = "<group>"; };
		C2A58FC41FBB5742008C9C7E /* BBMMessageInputView.m */ = {isa = PBXFileReference; lastKnownFileType = sourcecode.c.objc; path = BBMMessageInputView.m; sourceTree = "<group>"; };
		C2A58FC51FBB5742008C9C7E /* BBMTimedMessageViewController.h */ = {isa = PBXFileReference; lastKnownFileType = sourcecode.c.h; path = BBMTimedMessageViewController.h; sourceTree = "<group>"; };
		C2A58FC61FBB5742008C9C7E /* BBMTimedMessageViewController.m */ = {isa = PBXFileReference; lastKnownFileType = sourcecode.c.objc; path = BBMTimedMessageViewController.m; sourceTree = "<group>"; };
		C2A58FC71FBB5742008C9C7E /* BBMChatMessageDataSource.h */ = {isa = PBXFileReference; lastKnownFileType = sourcecode.c.h; path = BBMChatMessageDataSource.h; sourceTree = "<group>"; };
		C2A58FC81FBB5742008C9C7E /* BBMChatMessageDataSource.m */ = {isa = PBXFileReference; lastKnownFileType = sourcecode.c.objc; path = BBMChatMessageDataSource.m; sourceTree = "<group>"; };
		C2A58FC91FBB5742008C9C7E /* BBMChatViewController.h */ = {isa = PBXFileReference; lastKnownFileType = sourcecode.c.h; path = BBMChatViewController.h; sourceTree = "<group>"; };
		C2A58FCA1FBB5742008C9C7E /* BBMChatViewController.m */ = {isa = PBXFileReference; lastKnownFileType = sourcecode.c.objc; path = BBMChatViewController.m; sourceTree = "<group>"; };
		C2A58FCC1FBB5742008C9C7E /* BBMFileMessageCell.h */ = {isa = PBXFileReference; lastKnownFileType = sourcecode.c.h; path = BBMFileMessageCell.h; sourceTree = "<group>"; };
		C2A58FCD1FBB5742008C9C7E /* BBMFileMessageCell.m */ = {isa = PBXFileReference; lastKnownFileType = sourcecode.c.objc; path = BBMFileMessageCell.m; sourceTree = "<group>"; };
		C2A58FCE1FBB5742008C9C7E /* BBMMessageCell.h */ = {isa = PBXFileReference; lastKnownFileType = sourcecode.c.h; path = BBMMessageCell.h; sourceTree = "<group>"; };
		C2A58FCF1FBB5742008C9C7E /* BBMMessageCell.m */ = {isa = PBXFileReference; lastKnownFileType = sourcecode.c.objc; path = BBMMessageCell.m; sourceTree = "<group>"; };
		C2A58FD01FBB5742008C9C7E /* BBMPictureMessagCell.h */ = {isa = PBXFileReference; lastKnownFileType = sourcecode.c.h; path = BBMPictureMessagCell.h; sourceTree = "<group>"; };
		C2A58FD11FBB5742008C9C7E /* BBMPictureMessageCell.m */ = {isa = PBXFileReference; lastKnownFileType = sourcecode.c.objc; path = BBMPictureMessageCell.m; sourceTree = "<group>"; };
		C2A58FD21FBB5742008C9C7E /* BBMQuotedMessageCell.h */ = {isa = PBXFileReference; lastKnownFileType = sourcecode.c.h; path = BBMQuotedMessageCell.h; sourceTree = "<group>"; };
		C2A58FD31FBB5742008C9C7E /* BBMQuotedMessageCell.m */ = {isa = PBXFileReference; lastKnownFileType = sourcecode.c.objc; path = BBMQuotedMessageCell.m; sourceTree = "<group>"; };
		C2A58FD41FBB5742008C9C7E /* BBMTextMessageCell.h */ = {isa = PBXFileReference; lastKnownFileType = sourcecode.c.h; path = BBMTextMessageCell.h; sourceTree = "<group>"; };
		C2A58FD51FBB5742008C9C7E /* BBMTextMessageCell.m */ = {isa = PBXFileReference; lastKnownFileType = sourcecode.c.objc; path = BBMTextMessageCell.m; sourceTree = "<group>"; };
		C2A58FD71FBB5742008C9C7E /* BBMMediaCallHelper.h */ = {isa = PBXFileReference; lastKnownFileType = sourcecode.c.h; path = BBMMediaCallHelper.h; sourceTree = "<group>"; };
		C2A58FD81FBB5742008C9C7E /* BBMMediaCallHelper.m */ = {isa = PBXFileReference; lastKnownFileType = sourcecode.c.objc; path = BBMMediaCallHelper.m; sourceTree = "<group>"; };
		C2A58FD91FBB5742008C9C7E /* BBMMessageLoader.h */ = {isa = PBXFileReference; lastKnownFileType = sourcecode.c.h; path = BBMMessageLoader.h; sourceTree = "<group>"; };
		C2A58FDA1FBB5742008C9C7E /* BBMMessageLoader.m */ = {isa = PBXFileReference; lastKnownFileType = sourcecode.c.objc; path = BBMMessageLoader.m; sourceTree = "<group>"; };
		C2A58FDB1FBB5742008C9C7E /* BBMMessageStatusLoader.h */ = {isa = PBXFileReference; lastKnownFileType = sourcecode.c.h; path = BBMMessageStatusLoader.h; sourceTree = "<group>"; };
		C2A58FDC1FBB5742008C9C7E /* BBMMessageStatusLoader.m */ = {isa = PBXFileReference; lastKnownFileType = sourcecode.c.objc; path = BBMMessageStatusLoader.m; sourceTree = "<group>"; };
		C2A58FDD1FBB5742008C9C7E /* BBMTimedMessageManager.h */ = {isa = PBXFileReference; lastKnownFileType = sourcecode.c.h; path = BBMTimedMessageManager.h; sourceTree = "<group>"; };
		C2A58FDE1FBB5742008C9C7E /* BBMTimedMessageManager.m */ = {isa = PBXFileReference; lastKnownFileType = sourcecode.c.objc; path = BBMTimedMessageManager.m; sourceTree = "<group>"; };
		C2A58FE01FBB5742008C9C7E /* BBMGroupChatMessageDetailCell.h */ = {isa = PBXFileReference; lastKnownFileType = sourcecode.c.h; path = BBMGroupChatMessageDetailCell.h; sourceTree = "<group>"; };
		C2A58FE11FBB5742008C9C7E /* BBMGroupChatMessageDetailCell.m */ = {isa = PBXFileReference; lastKnownFileType = sourcecode.c.objc; path = BBMGroupChatMessageDetailCell.m; sourceTree = "<group>"; };
		C2A58FE21FBB5742008C9C7E /* BBMGroupChatMessageDetailView.h */ = {isa = PBXFileReference; lastKnownFileType = sourcecode.c.h; path = BBMGroupChatMessageDetailView.h; sourceTree = "<group>"; };
		C2A58FE31FBB5742008C9C7E /* BBMGroupChatMessageDetailView.m */ = {isa = PBXFileReference; lastKnownFileType = sourcecode.c.objc; path = BBMGroupChatMessageDetailView.m; sourceTree = "<group>"; };
		C2A58FE51FBB5742008C9C7E /* BBMChatView.storyboard */ = {isa = PBXFileReference; lastKnownFileType = file.storyboard; path = BBMChatView.storyboard; sourceTree = "<group>"; };
		C2A58FE61FBB5742008C9C7E /* BBMGroupChatMessageDetailCell.xib */ = {isa = PBXFileReference; lastKnownFileType = file.xib; path = BBMGroupChatMessageDetailCell.xib; sourceTree = "<group>"; };
		C2A58FE71FBB5742008C9C7E /* BBMGroupChatMessageDetailView.xib */ = {isa = PBXFileReference; lastKnownFileType = file.xib; path = BBMGroupChatMessageDetailView.xib; sourceTree = "<group>"; };
		C2A58FE81FBB5742008C9C7E /* BBMMessageInputView.xib */ = {isa = PBXFileReference; lastKnownFileType = file.xib; path = BBMMessageInputView.xib; sourceTree = "<group>"; };
		C2A58FE91FBB5742008C9C7E /* BBMMessageNotificationView.xib */ = {isa = PBXFileReference; lastKnownFileType = file.xib; path = BBMMessageNotificationView.xib; sourceTree = "<group>"; };
		C2A58FEB1FBB5742008C9C7E /* BBMChatMessage+Extensions.h */ = {isa = PBXFileReference; lastKnownFileType = sourcecode.c.h; path = "BBMChatMessage+Extensions.h"; sourceTree = "<group>"; };
		C2A58FEC1FBB5742008C9C7E /* BBMChatMessage+Extensions.m */ = {isa = PBXFileReference; lastKnownFileType = sourcecode.c.objc; path = "BBMChatMessage+Extensions.m"; sourceTree = "<group>"; };
		C2A58FED1FBB5742008C9C7E /* BBMUser+Extensions.h */ = {isa = PBXFileReference; lastKnownFileType = sourcecode.c.h; path = "BBMUser+Extensions.h"; sourceTree = "<group>"; };
		C2A58FEE1FBB5742008C9C7E /* BBMUser+Extensions.m */ = {isa = PBXFileReference; lastKnownFileType = sourcecode.c.objc; path = "BBMUser+Extensions.m"; sourceTree = "<group>"; };
		C2A58FF01FBB5742008C9C7E /* BBMLocalNotificationManager.h */ = {isa = PBXFileReference; lastKnownFileType = sourcecode.c.h; path = BBMLocalNotificationManager.h; sourceTree = "<group>"; };
		C2A58FF11FBB5742008C9C7E /* BBMLocalNotificationManager.m */ = {isa = PBXFileReference; lastKnownFileType = sourcecode.c.objc; path = BBMLocalNotificationManager.m; sourceTree = "<group>"; };
		C2A58FF21FBB5742008C9C7E /* BBMMessageNotificationView.h */ = {isa = PBXFileReference; lastKnownFileType = sourcecode.c.h; path = BBMMessageNotificationView.h; sourceTree = "<group>"; };
		C2A58FF31FBB5742008C9C7E /* BBMMessageNotificationView.m */ = {isa = PBXFileReference; lastKnownFileType = sourcecode.c.objc; path = BBMMessageNotificationView.m; sourceTree = "<group>"; };
		C2A58FF51FBB5742008C9C7E /* UIView+Extra.h */ = {isa = PBXFileReference; lastKnownFileType = sourcecode.c.h; path = "UIView+Extra.h"; sourceTree = "<group>"; };
		C2A58FF61FBB5742008C9C7E /* UIView+Extra.m */ = {isa = PBXFileReference; lastKnownFileType = sourcecode.c.objc; path = "UIView+Extra.m"; sourceTree = "<group>"; };
		C2A58FF81FBB5742008C9C7E /* BBMAppUser.h */ = {isa = PBXFileReference; lastKnownFileType = sourcecode.c.h; path = BBMAppUser.h; sourceTree = "<group>"; };
		C2A58FF91FBB5742008C9C7E /* BBMAppUser.m */ = {isa = PBXFileReference; lastKnownFileType = sourcecode.c.objc; path = BBMAppUser.m; sourceTree = "<group>"; };
		C2A58FFA1FBB5742008C9C7E /* BBMAppUserListener.h */ = {isa = PBXFileReference; lastKnownFileType = sourcecode.c.h; path = BBMAppUserListener.h; sourceTree = "<group>"; };
		C2A58FFB1FBB5742008C9C7E /* BBMAppUserSource.h */ = {isa = PBXFileReference; lastKnownFileType = sourcecode.c.h; path = BBMAppUserSource.h; sourceTree = "<group>"; };
		C2A58FFC1FBB5742008C9C7E /* BBMUserManager.h */ = {isa = PBXFileReference; lastKnownFileType = sourcecode.c.h; path = BBMUserManager.h; sourceTree = "<group>"; };
		C2A58FFD1FBB5742008C9C7E /* BBMUserManager.m */ = {isa = PBXFileReference; lastKnownFileType = sourcecode.c.objc; path = BBMUserManager.m; sourceTree = "<group>"; };
		C2A590021FBB5742008C9C7E /* BBMImageLoader.h */ = {isa = PBXFileReference; lastKnownFileType = sourcecode.c.h; path = BBMImageLoader.h; sourceTree = "<group>"; };
		C2A590031FBB5742008C9C7E /* BBMImageLoader.m */ = {isa = PBXFileReference; lastKnownFileType = sourcecode.c.objc; path = BBMImageLoader.m; sourceTree = "<group>"; };
		C2A590041FBB5742008C9C7E /* BBMImageProvider.h */ = {isa = PBXFileReference; lastKnownFileType = sourcecode.c.h; path = BBMImageProvider.h; sourceTree = "<group>"; };
		C2A590051FBB5742008C9C7E /* BBMImageCache.h */ = {isa = PBXFileReference; lastKnownFileType = sourcecode.c.h; path = BBMImageCache.h; sourceTree = "<group>"; };
		C2A590061FBB5742008C9C7E /* BBMImageCache.m */ = {isa = PBXFileReference; lastKnownFileType = sourcecode.c.objc; path = BBMImageCache.m; sourceTree = "<group>"; };
		C2A590071FBB5742008C9C7E /* BBMUtilities.h */ = {isa = PBXFileReference; lastKnownFileType = sourcecode.c.h; path = BBMUtilities.h; sourceTree = "<group>"; };
		C2A590081FBB5742008C9C7E /* BBMUtilities.m */ = {isa = PBXFileReference; lastKnownFileType = sourcecode.c.objc; path = BBMUtilities.m; sourceTree = "<group>"; };
		C2A590091FBB5742008C9C7E /* NSMutableAttributedString+Util.h */ = {isa = PBXFileReference; lastKnownFileType = sourcecode.c.h; path = "NSMutableAttributedString+Util.h"; sourceTree = "<group>"; };
		C2A5900A1FBB5742008C9C7E /* NSMutableAttributedString+Util.m */ = {isa = PBXFileReference; lastKnownFileType = sourcecode.c.objc; path = "NSMutableAttributedString+Util.m"; sourceTree = "<group>"; };
		C2A5900B1FBB5742008C9C7E /* NSString+Base64.h */ = {isa = PBXFileReference; lastKnownFileType = sourcecode.c.h; path = "NSString+Base64.h"; sourceTree = "<group>"; };
		C2A5900C1FBB5742008C9C7E /* NSString+Base64.m */ = {isa = PBXFileReference; lastKnownFileType = sourcecode.c.objc; path = "NSString+Base64.m"; sourceTree = "<group>"; };
		C2A5900D1FBB5742008C9C7E /* NSURL+Archiving.h */ = {isa = PBXFileReference; lastKnownFileType = sourcecode.c.h; path = "NSURL+Archiving.h"; sourceTree = "<group>"; };
		C2A5900E1FBB5742008C9C7E /* NSURL+Archiving.m */ = {isa = PBXFileReference; lastKnownFileType = sourcecode.c.objc; path = "NSURL+Archiving.m"; sourceTree = "<group>"; };
		C2A9F243207BB7D60027B726 /* BBMPasscodeManager.h */ = {isa = PBXFileReference; lastKnownFileType = sourcecode.c.h; path = BBMPasscodeManager.h; sourceTree = "<group>"; };
		C2B89E4820A3542600483326 /* ConfigSettings.plist */ = {isa = PBXFileReference; fileEncoding = 4; lastKnownFileType = text.plist.xml; path = ConfigSettings.plist; sourceTree = "<group>"; };
		C2D00CD6215938C8005B0145 /* SimpleChat.entitlements */ = {isa = PBXFileReference; lastKnownFileType = text.plist.entitlements; path = SimpleChat.entitlements; sourceTree = "<group>"; };
		C2D8BAE920753E4700FA2E45 /* BBMKMSManager.h */ = {isa = PBXFileReference; fileEncoding = 4; lastKnownFileType = sourcecode.c.h; path = BBMKMSManager.h; sourceTree = "<group>"; };
		C2D8BAEA20753E4700FA2E45 /* BBMKMSManager.m */ = {isa = PBXFileReference; fileEncoding = 4; lastKnownFileType = sourcecode.c.objc; path = BBMKMSManager.m; sourceTree = "<group>"; };
		C2D8BAEC20753E4D00FA2E45 /* BBMPasscodeChangeDelegate.h */ = {isa = PBXFileReference; lastKnownFileType = sourcecode.c.h; path = BBMPasscodeChangeDelegate.h; sourceTree = "<group>"; };
		C2FBF51A1ECCE03D004D6691 /* SimpleChat.app */ = {isa = PBXFileReference; explicitFileType = wrapper.application; includeInIndex = 0; path = SimpleChat.app; sourceTree = BUILT_PRODUCTS_DIR; };
		C2FBF5BD1ECCE4EA004D6691 /* BBMEnterprise.framework */ = {isa = PBXFileReference; lastKnownFileType = wrapper.framework; name = BBMEnterprise.framework; path = ../../sdk/BBMEnterprise.framework; sourceTree = "<group>"; };
		DA962D62528DEBB0F4BAC6F9 /* Pods-SimpleChat.debug.xcconfig */ = {isa = PBXFileReference; includeInIndex = 1; lastKnownFileType = text.xcconfig; name = "Pods-SimpleChat.debug.xcconfig"; path = "Pods/Target Support Files/Pods-SimpleChat/Pods-SimpleChat.debug.xcconfig"; sourceTree = "<group>"; };
/* End PBXFileReference section */

/* Begin PBXFrameworksBuildPhase section */
		C2FBF5171ECCE03D004D6691 /* Frameworks */ = {
			isa = PBXFrameworksBuildPhase;
			buildActionMask = 2147483647;
			files = (
				C2FBF5BF1ECCE4F7004D6691 /* BBMEnterprise.framework in Frameworks */,
				2DA68FEE224A196B7352288F /* libPods-SimpleChat.a in Frameworks */,
			);
			runOnlyForDeploymentPostprocessing = 0;
		};
/* End PBXFrameworksBuildPhase section */

/* Begin PBXGroup section */
		249F8C18704B52580CBE2674 /* Pods */ = {
			isa = PBXGroup;
			children = (
				4DA5C822F94217231F5412C9 /* libPods-QuickStart.a */,
				DA962D62528DEBB0F4BAC6F9 /* Pods-SimpleChat.debug.xcconfig */,
				84A4A96678E4F057292AECB4 /* Pods-SimpleChat.release.xcconfig */,
			);
			name = Pods;
			sourceTree = "<group>";
		};
		75B33905A519CF9B92067EAA /* Frameworks */ = {
			isa = PBXGroup;
			children = (
				C2FBF5BD1ECCE4EA004D6691 /* BBMEnterprise.framework */,
				701BD03774A02038498F62B5 /* libPods-SimpleChat.a */,
			);
			name = Frameworks;
			sourceTree = "<group>";
		};
		C2196483213F0232008182D7 /* TestAuth */ = {
			isa = PBXGroup;
			children = (
				C2196484213F0232008182D7 /* BBMTestToken.m */,
				C2196485213F0232008182D7 /* BBMTestTokenManager.h */,
				C2196486213F0232008182D7 /* BBMTestToken.h */,
				C2196487213F0232008182D7 /* BBMTestTokenManager.m */,
			);
			path = TestAuth;
			sourceTree = "<group>";
		};
		C219648A213F023F008182D7 /* BasicUserManager */ = {
			isa = PBXGroup;
			children = (
				C219648B213F023F008182D7 /* BBMLocalCachedUserSource.m */,
				C219648C213F023F008182D7 /* BBMLocalCachedUserSource.h */,
			);
			path = BasicUserManager;
			sourceTree = "<group>";
		};
		C226EC9521401A5F00E9A33A /* Providers */ = {
			isa = PBXGroup;
			children = (
				C226EC9621401A5F00E9A33A /* BBMAzureCosmosKeyStorageProvider.h */,
				C226EC9721401A5F00E9A33A /* BBMFirebaseKeyStorageProvider.h */,
				C226EC9821401A5F00E9A33A /* BBMAzureCosmosKeyStorageProvider.m */,
				C226EC9921401A5F00E9A33A /* BBMFirebaseKeyStorageProvider.m */,
			);
			path = Providers;
			sourceTree = "<group>";
		};
		C2272421205842D400065279 /* Azure */ = {
			isa = PBXGroup;
			children = (
				C2272422205842D400065279 /* BBMAzureUserManager.h */,
				C2272423205842D400065279 /* BBMAzureUserManager.m */,
			);
			path = Azure;
			sourceTree = "<group>";
		};
		C2272425205842E700065279 /* AzureADAuth */ = {
			isa = PBXGroup;
			children = (
				C2272426205842E700065279 /* BBMAzureTokenManager.h */,
				C2272427205842E700065279 /* BBMAzureTokenManager.m */,
				C2272428205842E700065279 /* BBMMicrosoftGraph.h */,
				C2272429205842E700065279 /* BBMMicrosoftGraph.m */,
			);
			path = AzureADAuth;
			sourceTree = "<group>";
		};
		C23C18C41ECDF3CD00A0C83F /* Google Auth Config */ = {
			isa = PBXGroup;
			children = (
				C23C18C51ECDF3DF00A0C83F /* GoogleService-Info.plist */,
			);
			name = "Google Auth Config";
			sourceTree = "<group>";
		};
		C25381481FD1932B00659031 /* ChatDetails */ = {
			isa = PBXGroup;
			children = (
				C25381491FD1932B00659031 /* BBMChatParticipantDetailCell.h */,
				C253814A1FD1932B00659031 /* BBMChatParticipantDetailCell.m */,
				C253814B1FD1932B00659031 /* BBMChatParticipantsViewController.h */,
				C253814C1FD1932B00659031 /* BBMChatParticipantsViewController.m */,
			);
			path = ChatDetails;
			sourceTree = "<group>";
		};
		C256C7DD2020BC7E00F042C7 /* Auth */ = {
			isa = PBXGroup;
			children = (
				C2A9F243207BB7D60027B726 /* BBMPasscodeManager.h */,
				C256C7DE2020BC7E00F042C7 /* BBMUserPasscodeManager.h */,
				C256C7DF2020BC7E00F042C7 /* BBMUserPasscodeManager.m */,
			);
			path = Auth;
			sourceTree = "<group>";
		};
		C256C7E12020BC8C00F042C7 /* Security */ = {
			isa = PBXGroup;
			children = (
				C256C7E22020BC8C00F042C7 /* BBMSecUtil.h */,
				C256C7E32020BC8C00F042C7 /* BBMSecUtil.m */,
			);
			path = Security;
			sourceTree = "<group>";
		};
		C296F0951EDC640D000214A2 /* Chats Controller */ = {
			isa = PBXGroup;
			children = (
				C296F0971EDC665B000214A2 /* ChatsListViewController.h */,
				C296F0981EDC665B000214A2 /* ChatsListViewController.m */,
				C296F09E1EDC69E3000214A2 /* StartChatViewController.h */,
				C296F09F1EDC69E3000214A2 /* StartChatViewController.m */,
			);
			name = "Chats Controller";
			sourceTree = "<group>";
		};
		C296F0961EDC6415000214A2 /* Chat Controller */ = {
			isa = PBXGroup;
			children = (
				C296F09A1EDC667E000214A2 /* ChatViewController.h */,
				C296F09B1EDC667E000214A2 /* ChatViewController.m */,
			);
			name = "Chat Controller";
			sourceTree = "<group>";
		};
		C2A58F971FBB5742008C9C7E /* Support */ = {
			isa = PBXGroup;
			children = (
				C2A58F991FBB5742008C9C7E /* Source */,
			);
			name = Support;
			path = ../Support;
			sourceTree = "<group>";
		};
		C2A58F991FBB5742008C9C7E /* Source */ = {
			isa = PBXGroup;
			children = (
				C2A58F9A1FBB5742008C9C7E /* Auth */,
				C2A58FA31FBB5742008C9C7E /* BBMDS */,
				C2A58FAA1FBB5742008C9C7E /* BBMESupport_SwiftBridgingHeader.h */,
				C2A58FAB1FBB5742008C9C7E /* Endpoints */,
				C2A58FB01FBB5742008C9C7E /* Protect */,
				C2A58FBB1FBB5742008C9C7E /* UI */,
				C2A58FF71FBB5742008C9C7E /* User */,
				C2A590011FBB5742008C9C7E /* Util */,
			);
			path = Source;
			sourceTree = "<group>";
		};
		C2A58F9A1FBB5742008C9C7E /* Auth */ = {
			isa = PBXGroup;
			children = (
				C2A58F9B1FBB5742008C9C7E /* BBMAuthController.h */,
				C2A58F9C1FBB5742008C9C7E /* BBMAuthController.m */,
				C2A58F9D1FBB5742008C9C7E /* BBMAuthenticatedAccount.h */,
				C2A58F9E1FBB5742008C9C7E /* BBMAuthenticatedAccount.m */,
				C2A58F9F1FBB5742008C9C7E /* BBMAuthenticationDelegate.h */,
				C2196483213F0232008182D7 /* TestAuth */,
				C2272425205842E700065279 /* AzureADAuth */,
				C2A58FA01FBB5742008C9C7E /* GoogleAuth */,
			);
			path = Auth;
			sourceTree = "<group>";
		};
		C2A58FA01FBB5742008C9C7E /* GoogleAuth */ = {
			isa = PBXGroup;
			children = (
				C2A58FA11FBB5742008C9C7E /* BBMGoogleTokenManager.h */,
				C2A58FA21FBB5742008C9C7E /* BBMGoogleTokenManager.m */,
			);
			path = GoogleAuth;
			sourceTree = "<group>";
		};
		C2A58FA31FBB5742008C9C7E /* BBMDS */ = {
			isa = PBXGroup;
			children = (
				C2A58FA41FBB5742008C9C7E /* BBMAccess.h */,
				C2A58FA51FBB5742008C9C7E /* BBMAccess.m */,
				C2A58FA61FBB5742008C9C7E /* BBMChatCreator.h */,
				C2A58FA71FBB5742008C9C7E /* BBMChatCreator.m */,
				C2A58FA81FBB5742008C9C7E /* BBMChatMessageListener.h */,
				C2A58FA91FBB5742008C9C7E /* BBMChatMessageListener.m */,
			);
			path = BBMDS;
			sourceTree = "<group>";
		};
		C2A58FAB1FBB5742008C9C7E /* Endpoints */ = {
			isa = PBXGroup;
			children = (
				C2A58FAC1FBB5742008C9C7E /* BBMEndpoint.h */,
				C2A58FAD1FBB5742008C9C7E /* BBMEndpoint.m */,
				C2A58FAE1FBB5742008C9C7E /* BBMEndpointManager.h */,
				C2A58FAF1FBB5742008C9C7E /* BBMEndpointManager.m */,
			);
			path = Endpoints;
			sourceTree = "<group>";
		};
		C2A58FB01FBB5742008C9C7E /* Protect */ = {
			isa = PBXGroup;
			children = (
				C2D8BAE820753E4700FA2E45 /* BlackBerry KMS */,
				C256C7E12020BC8C00F042C7 /* Security */,
				C2A58FB11FBB5742008C9C7E /* BBMKeyManager.h */,
				C2A58FB21FBB5742008C9C7E /* BBMKeyManager.m */,
				C2A58FB31FBB5742008C9C7E /* BBMKeyPair.h */,
				C2A58FB41FBB5742008C9C7E /* BBMKeyPair.m */,
				C2A58FB51FBB5742008C9C7E /* BBMKeyStorageProvider.h */,
				C2A58FB61FBB5742008C9C7E /* BBMProfileKeys.h */,
				C2A58FB71FBB5742008C9C7E /* BBMProfileKeys.m */,
				C2D8BAEC20753E4D00FA2E45 /* BBMPasscodeChangeDelegate.h */,
				C226EC9521401A5F00E9A33A /* Providers */,
			);
			path = Protect;
			sourceTree = "<group>";
		};
		C2A58FBB1FBB5742008C9C7E /* UI */ = {
			isa = PBXGroup;
			children = (
				C2A58FBC1FBB5742008C9C7E /* BBMMessageTypes.h */,
				C2A58FBD1FBB5742008C9C7E /* BBMUIUtilities.h */,
				C2A58FBE1FBB5742008C9C7E /* BBMUIUtilities.m */,
				C2A58FBF1FBB5742008C9C7E /* BBMUIWidgets.h */,
				C2A58FC01FBB5742008C9C7E /* BBMUIWidgetsConfig.h */,
				C256C7DD2020BC7E00F042C7 /* Auth */,
				C2A58FC11FBB5742008C9C7E /* ChatRenderer */,
				C2A58FEA1FBB5742008C9C7E /* Model Extensions */,
				C2A58FEF1FBB5742008C9C7E /* Notifications */,
				C2A58FF41FBB5742008C9C7E /* Util */,
			);
			path = UI;
			sourceTree = "<group>";
		};
		C2A58FC11FBB5742008C9C7E /* ChatRenderer */ = {
			isa = PBXGroup;
			children = (
				C2A58FC21FBB5742008C9C7E /* Accessory Views */,
				C2A58FC71FBB5742008C9C7E /* BBMChatMessageDataSource.h */,
				C2A58FC81FBB5742008C9C7E /* BBMChatMessageDataSource.m */,
				C2A58FC91FBB5742008C9C7E /* BBMChatViewController.h */,
				C2A58FCA1FBB5742008C9C7E /* BBMChatViewController.m */,
				C2A58FCB1FBB5742008C9C7E /* ChatMessageCells */,
				C25381481FD1932B00659031 /* ChatDetails */,
				C2A58FD61FBB5742008C9C7E /* Controller */,
				C2A58FDF1FBB5742008C9C7E /* DeliveryStatus */,
				C2A58FE41FBB5742008C9C7E /* Layout */,
			);
			path = ChatRenderer;
			sourceTree = "<group>";
		};
		C2A58FC21FBB5742008C9C7E /* Accessory Views */ = {
			isa = PBXGroup;
			children = (
				C2A58FC31FBB5742008C9C7E /* BBMMessageInputView.h */,
				C2A58FC41FBB5742008C9C7E /* BBMMessageInputView.m */,
				C2A58FC51FBB5742008C9C7E /* BBMTimedMessageViewController.h */,
				C2A58FC61FBB5742008C9C7E /* BBMTimedMessageViewController.m */,
			);
			path = "Accessory Views";
			sourceTree = "<group>";
		};
		C2A58FCB1FBB5742008C9C7E /* ChatMessageCells */ = {
			isa = PBXGroup;
			children = (
				C2A58FCC1FBB5742008C9C7E /* BBMFileMessageCell.h */,
				C2A58FCD1FBB5742008C9C7E /* BBMFileMessageCell.m */,
				C2A58FCE1FBB5742008C9C7E /* BBMMessageCell.h */,
				C2A58FCF1FBB5742008C9C7E /* BBMMessageCell.m */,
				C2A58FD01FBB5742008C9C7E /* BBMPictureMessagCell.h */,
				C2A58FD11FBB5742008C9C7E /* BBMPictureMessageCell.m */,
				C2A58FD21FBB5742008C9C7E /* BBMQuotedMessageCell.h */,
				C2A58FD31FBB5742008C9C7E /* BBMQuotedMessageCell.m */,
				C2A58FD41FBB5742008C9C7E /* BBMTextMessageCell.h */,
				C2A58FD51FBB5742008C9C7E /* BBMTextMessageCell.m */,
			);
			path = ChatMessageCells;
			sourceTree = "<group>";
		};
		C2A58FD61FBB5742008C9C7E /* Controller */ = {
			isa = PBXGroup;
			children = (
				C2A58FD71FBB5742008C9C7E /* BBMMediaCallHelper.h */,
				C2A58FD81FBB5742008C9C7E /* BBMMediaCallHelper.m */,
				C2A58FD91FBB5742008C9C7E /* BBMMessageLoader.h */,
				C2A58FDA1FBB5742008C9C7E /* BBMMessageLoader.m */,
				C2A58FDB1FBB5742008C9C7E /* BBMMessageStatusLoader.h */,
				C2A58FDC1FBB5742008C9C7E /* BBMMessageStatusLoader.m */,
				C2A58FDD1FBB5742008C9C7E /* BBMTimedMessageManager.h */,
				C2A58FDE1FBB5742008C9C7E /* BBMTimedMessageManager.m */,
			);
			path = Controller;
			sourceTree = "<group>";
		};
		C2A58FDF1FBB5742008C9C7E /* DeliveryStatus */ = {
			isa = PBXGroup;
			children = (
				C2A58FE01FBB5742008C9C7E /* BBMGroupChatMessageDetailCell.h */,
				C2A58FE11FBB5742008C9C7E /* BBMGroupChatMessageDetailCell.m */,
				C2A58FE21FBB5742008C9C7E /* BBMGroupChatMessageDetailView.h */,
				C2A58FE31FBB5742008C9C7E /* BBMGroupChatMessageDetailView.m */,
			);
			path = DeliveryStatus;
			sourceTree = "<group>";
		};
		C2A58FE41FBB5742008C9C7E /* Layout */ = {
			isa = PBXGroup;
			children = (
				C2A58FE51FBB5742008C9C7E /* BBMChatView.storyboard */,
				C2A58FE61FBB5742008C9C7E /* BBMGroupChatMessageDetailCell.xib */,
				C2A58FE71FBB5742008C9C7E /* BBMGroupChatMessageDetailView.xib */,
				C2A58FE81FBB5742008C9C7E /* BBMMessageInputView.xib */,
				C2A58FE91FBB5742008C9C7E /* BBMMessageNotificationView.xib */,
			);
			path = Layout;
			sourceTree = "<group>";
		};
		C2A58FEA1FBB5742008C9C7E /* Model Extensions */ = {
			isa = PBXGroup;
			children = (
				C2A58FEB1FBB5742008C9C7E /* BBMChatMessage+Extensions.h */,
				C2A58FEC1FBB5742008C9C7E /* BBMChatMessage+Extensions.m */,
				C2A58FED1FBB5742008C9C7E /* BBMUser+Extensions.h */,
				C2A58FEE1FBB5742008C9C7E /* BBMUser+Extensions.m */,
			);
			path = "Model Extensions";
			sourceTree = "<group>";
		};
		C2A58FEF1FBB5742008C9C7E /* Notifications */ = {
			isa = PBXGroup;
			children = (
				C2A58FF01FBB5742008C9C7E /* BBMLocalNotificationManager.h */,
				C2A58FF11FBB5742008C9C7E /* BBMLocalNotificationManager.m */,
				C2A58FF21FBB5742008C9C7E /* BBMMessageNotificationView.h */,
				C2A58FF31FBB5742008C9C7E /* BBMMessageNotificationView.m */,
			);
			path = Notifications;
			sourceTree = "<group>";
		};
		C2A58FF41FBB5742008C9C7E /* Util */ = {
			isa = PBXGroup;
			children = (
				C2A58FF51FBB5742008C9C7E /* UIView+Extra.h */,
				C2A58FF61FBB5742008C9C7E /* UIView+Extra.m */,
			);
			path = Util;
			sourceTree = "<group>";
		};
		C2A58FF71FBB5742008C9C7E /* User */ = {
			isa = PBXGroup;
			children = (
				C2A58FF81FBB5742008C9C7E /* BBMAppUser.h */,
				C2A58FF91FBB5742008C9C7E /* BBMAppUser.m */,
				C2A58FFA1FBB5742008C9C7E /* BBMAppUserListener.h */,
				C2A58FFB1FBB5742008C9C7E /* BBMAppUserSource.h */,
				C2A58FFC1FBB5742008C9C7E /* BBMUserManager.h */,
				C2A58FFD1FBB5742008C9C7E /* BBMUserManager.m */,
				C219648A213F023F008182D7 /* BasicUserManager */,
				C2272421205842D400065279 /* Azure */,
			);
			path = User;
			sourceTree = "<group>";
		};
		C2A590011FBB5742008C9C7E /* Util */ = {
			isa = PBXGroup;
			children = (
				C28D80492060061B00021882 /* BBMConfigManager.h */,
				C28D804A2060061C00021882 /* BBMConfigManager.m */,
				C2A590021FBB5742008C9C7E /* BBMImageLoader.h */,
				C2A590031FBB5742008C9C7E /* BBMImageLoader.m */,
				C2A590041FBB5742008C9C7E /* BBMImageProvider.h */,
				C2A590051FBB5742008C9C7E /* BBMImageCache.h */,
				C2A590061FBB5742008C9C7E /* BBMImageCache.m */,
				C2A590071FBB5742008C9C7E /* BBMUtilities.h */,
				C2A590081FBB5742008C9C7E /* BBMUtilities.m */,
				C2A590091FBB5742008C9C7E /* NSMutableAttributedString+Util.h */,
				C2A5900A1FBB5742008C9C7E /* NSMutableAttributedString+Util.m */,
				C2A5900B1FBB5742008C9C7E /* NSString+Base64.h */,
				C2A5900C1FBB5742008C9C7E /* NSString+Base64.m */,
				C2A5900D1FBB5742008C9C7E /* NSURL+Archiving.h */,
				C2A5900E1FBB5742008C9C7E /* NSURL+Archiving.m */,
			);
			path = Util;
			sourceTree = "<group>";
		};
		C2D8BAE820753E4700FA2E45 /* BlackBerry KMS */ = {
			isa = PBXGroup;
			children = (
				C2D8BAE920753E4700FA2E45 /* BBMKMSManager.h */,
				C2D8BAEA20753E4700FA2E45 /* BBMKMSManager.m */,
			);
			path = "BlackBerry KMS";
			sourceTree = "<group>";
		};
		C2FBF5111ECCE03D004D6691 = {
			isa = PBXGroup;
			children = (
				C2A58F971FBB5742008C9C7E /* Support */,
				C23C18C41ECDF3CD00A0C83F /* Google Auth Config */,
				C2FBF51C1ECCE03D004D6691 /* SimpleChat */,
				C2FBF51B1ECCE03D004D6691 /* Products */,
				75B33905A519CF9B92067EAA /* Frameworks */,
				249F8C18704B52580CBE2674 /* Pods */,
			);
			sourceTree = "<group>";
		};
		C2FBF51B1ECCE03D004D6691 /* Products */ = {
			isa = PBXGroup;
			children = (
				C2FBF51A1ECCE03D004D6691 /* SimpleChat.app */,
			);
			name = Products;
			sourceTree = "<group>";
		};
		C2FBF51C1ECCE03D004D6691 /* SimpleChat */ = {
			isa = PBXGroup;
			children = (
				C2D00CD6215938C8005B0145 /* SimpleChat.entitlements */,
				C296F0941EDC5F1A000214A2 /* ConfigSettings.h */,
				C2B89E4820A3542600483326 /* ConfigSettings.plist */,
				C296F0A41EDC6B2B000214A2 /* SimpleChatApp.h */,
				C296F0A51EDC6B2B000214A2 /* SimpleChatApp.m */,
				C296F0961EDC6415000214A2 /* Chat Controller */,
				C296F0951EDC640D000214A2 /* Chats Controller */,
				C23139C21EDC5CAD00C48084 /* AccountViewController.h */,
				C23139C31EDC5CAD00C48084 /* AccountViewController.m */,
				C23139C51EDC5CAD00C48084 /* AppDelegate.m */,
				C23139C41EDC5CAD00C48084 /* AppDelegate.h */,
				C23139C81EDC5CBB00C48084 /* Assets.xcassets */,
				C296F08A1EDC5CE6000214A2 /* LaunchScreen.storyboard */,
				C296F08C1EDC5CE6000214A2 /* Main.storyboard */,
				C2FBF51D1ECCE03D004D6691 /* Supporting Files */,
			);
			path = SimpleChat;
			sourceTree = "<group>";
		};
		C2FBF51D1ECCE03D004D6691 /* Supporting Files */ = {
			isa = PBXGroup;
			children = (
				C296F0901EDC5EF8000214A2 /* Info.plist */,
				C296F0921EDC5F01000214A2 /* main.m */,
				C23C18C11ECDDC8600A0C83F /* Podfile */,
			);
			name = "Supporting Files";
			sourceTree = "<group>";
		};
/* End PBXGroup section */

/* Begin PBXNativeTarget section */
		C2FBF5191ECCE03D004D6691 /* SimpleChat */ = {
			isa = PBXNativeTarget;
			buildConfigurationList = C2FBF5311ECCE03D004D6691 /* Build configuration list for PBXNativeTarget "SimpleChat" */;
			buildPhases = (
				866E918743BAB1C32505BB2E /* [CP] Check Pods Manifest.lock */,
				C2FBF5161ECCE03D004D6691 /* Sources */,
				C2FBF5171ECCE03D004D6691 /* Frameworks */,
				C2FBF5181ECCE03D004D6691 /* Resources */,
				C2FBF5BC1ECCE4AA004D6691 /* Embed Frameworks */,
				46FC5FA32B8D0C606D130CB8 /* [CP] Copy Pods Resources */,
			);
			buildRules = (
			);
			dependencies = (
			);
			name = SimpleChat;
			productName = QuickStart;
			productReference = C2FBF51A1ECCE03D004D6691 /* SimpleChat.app */;
			productType = "com.apple.product-type.application";
		};
/* End PBXNativeTarget section */

/* Begin PBXProject section */
		C2FBF5121ECCE03D004D6691 /* Project object */ = {
			isa = PBXProject;
			attributes = {
				LastUpgradeCheck = 0940;
				ORGANIZATIONNAME = BlackBerry;
				TargetAttributes = {
					C2FBF5191ECCE03D004D6691 = {
						CreatedOnToolsVersion = 8.2.1;
						ProvisioningStyle = Automatic;
						SystemCapabilities = {
							com.apple.BackgroundModes = {
								enabled = 1;
							};
							com.apple.Keychain = {
								enabled = 1;
							};
						};
					};
				};
			};
			buildConfigurationList = C2FBF5151ECCE03D004D6691 /* Build configuration list for PBXProject "SimpleChat" */;
			compatibilityVersion = "Xcode 3.2";
			developmentRegion = English;
			hasScannedForEncodings = 0;
			knownRegions = (
				en,
				Base,
			);
			mainGroup = C2FBF5111ECCE03D004D6691;
			productRefGroup = C2FBF51B1ECCE03D004D6691 /* Products */;
			projectDirPath = "";
			projectRoot = "";
			targets = (
				C2FBF5191ECCE03D004D6691 /* SimpleChat */,
			);
		};
/* End PBXProject section */

/* Begin PBXResourcesBuildPhase section */
		C2FBF5181ECCE03D004D6691 /* Resources */ = {
			isa = PBXResourcesBuildPhase;
			buildActionMask = 2147483647;
			files = (
				C2B89E4920A3542700483326 /* ConfigSettings.plist in Resources */,
				C296F08E1EDC5CE6000214A2 /* LaunchScreen.storyboard in Resources */,
				C23C18C61ECDF3DF00A0C83F /* GoogleService-Info.plist in Resources */,
				C23139C91EDC5CBB00C48084 /* Assets.xcassets in Resources */,
				C296F08F1EDC5CE6000214A2 /* Main.storyboard in Resources */,
			);
			runOnlyForDeploymentPostprocessing = 0;
		};
/* End PBXResourcesBuildPhase section */

/* Begin PBXShellScriptBuildPhase section */
		46FC5FA32B8D0C606D130CB8 /* [CP] Copy Pods Resources */ = {
			isa = PBXShellScriptBuildPhase;
			buildActionMask = 2147483647;
			files = (
			);
			inputPaths = (
				"${SRCROOT}/Pods/Target Support Files/Pods-SimpleChat/Pods-SimpleChat-resources.sh",
				"${PODS_ROOT}/GTMOAuth2/Source/Touch/GTMOAuth2ViewTouch.xib",
				"${PODS_ROOT}/GoogleSignIn/Resources/GoogleSignIn.bundle",
			);
			name = "[CP] Copy Pods Resources";
			outputPaths = (
				"${TARGET_BUILD_DIR}/${UNLOCALIZED_RESOURCES_FOLDER_PATH}/GTMOAuth2ViewTouch.nib",
				"${TARGET_BUILD_DIR}/${UNLOCALIZED_RESOURCES_FOLDER_PATH}/GoogleSignIn.bundle",
			);
			runOnlyForDeploymentPostprocessing = 0;
			shellPath = /bin/sh;
			shellScript = "\"${SRCROOT}/Pods/Target Support Files/Pods-SimpleChat/Pods-SimpleChat-resources.sh\"\n";
			showEnvVarsInLog = 0;
		};
		866E918743BAB1C32505BB2E /* [CP] Check Pods Manifest.lock */ = {
			isa = PBXShellScriptBuildPhase;
			buildActionMask = 2147483647;
			files = (
			);
			inputPaths = (
				"${PODS_PODFILE_DIR_PATH}/Podfile.lock",
				"${PODS_ROOT}/Manifest.lock",
			);
			name = "[CP] Check Pods Manifest.lock";
			outputPaths = (
				"$(DERIVED_FILE_DIR)/Pods-SimpleChat-checkManifestLockResult.txt",
			);
			runOnlyForDeploymentPostprocessing = 0;
			shellPath = /bin/sh;
			shellScript = "diff \"${PODS_PODFILE_DIR_PATH}/Podfile.lock\" \"${PODS_ROOT}/Manifest.lock\" > /dev/null\nif [ $? != 0 ] ; then\n    # print error to STDERR\n    echo \"error: The sandbox is not in sync with the Podfile.lock. Run 'pod install' or update your CocoaPods installation.\" >&2\n    exit 1\nfi\n# This output is used by Xcode 'outputs' to avoid re-running this script phase.\necho \"SUCCESS\" > \"${SCRIPT_OUTPUT_FILE_0}\"\n";
			showEnvVarsInLog = 0;
		};
/* End PBXShellScriptBuildPhase section */

/* Begin PBXSourcesBuildPhase section */
		C2FBF5161ECCE03D004D6691 /* Sources */ = {
			isa = PBXSourcesBuildPhase;
			buildActionMask = 2147483647;
			files = (
				C2A5902C1FBB5771008C9C7E /* BBMUser+Extensions.m in Sources */,
				C226EC9B21401A6000E9A33A /* BBMFirebaseKeyStorageProvider.m in Sources */,
				C219648D213F023F008182D7 /* BBMLocalCachedUserSource.m in Sources */,
				C256C7E02020BC7E00F042C7 /* BBMUserPasscodeManager.m in Sources */,
				C2A590151FBB5771008C9C7E /* BBMEndpoint.m in Sources */,
				C2A5902E1FBB5771008C9C7E /* BBMMessageNotificationView.m in Sources */,
				C2A590141FBB5771008C9C7E /* BBMChatMessageListener.m in Sources */,
				C2A590181FBB5771008C9C7E /* BBMKeyPair.m in Sources */,
				C2A590341FBB5771008C9C7E /* BBMUtilities.m in Sources */,
				C2A590121FBB5771008C9C7E /* BBMAccess.m in Sources */,
				C2A590271FBB5771008C9C7E /* BBMMessageStatusLoader.m in Sources */,
				C2D8BAEB20753E4700FA2E45 /* BBMKMSManager.m in Sources */,
				C2A590101FBB5771008C9C7E /* BBMAuthenticatedAccount.m in Sources */,
				C2A5902A1FBB5771008C9C7E /* BBMGroupChatMessageDetailView.m in Sources */,
				C296F0A61EDC6B2B000214A2 /* SimpleChatApp.m in Sources */,
				C253814D1FD1932B00659031 /* BBMChatParticipantDetailCell.m in Sources */,
				C2A590111FBB5771008C9C7E /* BBMGoogleTokenManager.m in Sources */,
				C2A5902D1FBB5771008C9C7E /* BBMLocalNotificationManager.m in Sources */,
				C2A590301FBB5771008C9C7E /* BBMUserManager.m in Sources */,
				C227242D205845EB00065279 /* UIView+Extra.m in Sources */,
				C2A590201FBB5771008C9C7E /* BBMFileMessageCell.m in Sources */,
				C2196488213F0232008182D7 /* BBMTestToken.m in Sources */,
				C2A590131FBB5771008C9C7E /* BBMChatCreator.m in Sources */,
				C2196489213F0232008182D7 /* BBMTestTokenManager.m in Sources */,
				C2A5902B1FBB5771008C9C7E /* BBMChatMessage+Extensions.m in Sources */,
				C2A590261FBB5771008C9C7E /* BBMMessageLoader.m in Sources */,
				C2A5902F1FBB5771008C9C7E /* BBMAppUser.m in Sources */,
				C296F0A01EDC69E3000214A2 /* StartChatViewController.m in Sources */,
				C2A590251FBB5771008C9C7E /* BBMMediaCallHelper.m in Sources */,
				C2A590211FBB5771008C9C7E /* BBMMessageCell.m in Sources */,
				C2A5901B1FBB5771008C9C7E /* BBMUIUtilities.m in Sources */,
				C2A590241FBB5771008C9C7E /* BBMTextMessageCell.m in Sources */,
				C296F09C1EDC667E000214A2 /* ChatViewController.m in Sources */,
				C28D804B2060061C00021882 /* BBMConfigManager.m in Sources */,
				C23139C71EDC5CAD00C48084 /* AppDelegate.m in Sources */,
				C2A5901C1FBB5771008C9C7E /* BBMMessageInputView.m in Sources */,
				C2A590191FBB5771008C9C7E /* BBMProfileKeys.m in Sources */,
				C296F0991EDC665B000214A2 /* ChatsListViewController.m in Sources */,
				C253814E1FD1932B00659031 /* BBMChatParticipantsViewController.m in Sources */,
				C256C7E52020BD1D00F042C7 /* NSString+Base64.m in Sources */,
				C2A590291FBB5771008C9C7E /* BBMGroupChatMessageDetailCell.m in Sources */,
				C2A590221FBB5771008C9C7E /* BBMPictureMessageCell.m in Sources */,
				C226EC9A21401A6000E9A33A /* BBMAzureCosmosKeyStorageProvider.m in Sources */,
				C2272424205842D400065279 /* BBMAzureUserManager.m in Sources */,
				C2A5901E1FBB5771008C9C7E /* BBMChatMessageDataSource.m in Sources */,
				C2A5900F1FBB5771008C9C7E /* BBMAuthController.m in Sources */,
				C2A590321FBB5771008C9C7E /* BBMImageLoader.m in Sources */,
				C2A590231FBB5771008C9C7E /* BBMQuotedMessageCell.m in Sources */,
				C2A590331FBB5771008C9C7E /* BBMImageCache.m in Sources */,
				C227242A205842E800065279 /* BBMAzureTokenManager.m in Sources */,
				C2A5901F1FBB5771008C9C7E /* BBMChatViewController.m in Sources */,
				C23139C61EDC5CAD00C48084 /* AccountViewController.m in Sources */,
				C227242B205842E800065279 /* BBMMicrosoftGraph.m in Sources */,
				C2A5901D1FBB5771008C9C7E /* BBMTimedMessageViewController.m in Sources */,
				C2A590281FBB5771008C9C7E /* BBMTimedMessageManager.m in Sources */,
				C2A590161FBB5771008C9C7E /* BBMEndpointManager.m in Sources */,
				C296F0931EDC5F01000214A2 /* main.m in Sources */,
				C2A590171FBB5771008C9C7E /* BBMKeyManager.m in Sources */,
				C256C7E42020BC8C00F042C7 /* BBMSecUtil.m in Sources */,
			);
			runOnlyForDeploymentPostprocessing = 0;
		};
/* End PBXSourcesBuildPhase section */

/* Begin PBXVariantGroup section */
		C296F08A1EDC5CE6000214A2 /* LaunchScreen.storyboard */ = {
			isa = PBXVariantGroup;
			children = (
				C296F08B1EDC5CE6000214A2 /* Base */,
			);
			name = LaunchScreen.storyboard;
			sourceTree = "<group>";
		};
		C296F08C1EDC5CE6000214A2 /* Main.storyboard */ = {
			isa = PBXVariantGroup;
			children = (
				C296F08D1EDC5CE6000214A2 /* Base */,
			);
			name = Main.storyboard;
			sourceTree = "<group>";
		};
/* End PBXVariantGroup section */

/* Begin XCBuildConfiguration section */
		C2FBF52F1ECCE03D004D6691 /* Debug */ = {
			isa = XCBuildConfiguration;
			buildSettings = {
				ALWAYS_SEARCH_USER_PATHS = NO;
				CLANG_ANALYZER_NONNULL = YES;
				CLANG_CXX_LANGUAGE_STANDARD = "gnu++0x";
				CLANG_CXX_LIBRARY = "libc++";
				CLANG_ENABLE_MODULES = YES;
				CLANG_ENABLE_OBJC_ARC = YES;
				CLANG_WARN_BLOCK_CAPTURE_AUTORELEASING = YES;
				CLANG_WARN_BOOL_CONVERSION = YES;
				CLANG_WARN_COMMA = YES;
				CLANG_WARN_CONSTANT_CONVERSION = YES;
				CLANG_WARN_DEPRECATED_OBJC_IMPLEMENTATIONS = YES;
				CLANG_WARN_DIRECT_OBJC_ISA_USAGE = YES_ERROR;
				CLANG_WARN_DOCUMENTATION_COMMENTS = NO;
				CLANG_WARN_EMPTY_BODY = YES;
				CLANG_WARN_ENUM_CONVERSION = YES;
				CLANG_WARN_INFINITE_RECURSION = YES;
				CLANG_WARN_INT_CONVERSION = YES;
				CLANG_WARN_NON_LITERAL_NULL_CONVERSION = YES;
				CLANG_WARN_OBJC_IMPLICIT_RETAIN_SELF = YES;
				CLANG_WARN_OBJC_LITERAL_CONVERSION = YES;
				CLANG_WARN_OBJC_ROOT_CLASS = YES_ERROR;
				CLANG_WARN_RANGE_LOOP_ANALYSIS = YES;
				CLANG_WARN_STRICT_PROTOTYPES = YES;
				CLANG_WARN_SUSPICIOUS_MOVE = YES;
				CLANG_WARN_UNREACHABLE_CODE = YES;
				CLANG_WARN__DUPLICATE_METHOD_MATCH = YES;
				"CODE_SIGN_IDENTITY[sdk=iphoneos*]" = "iPhone Developer";
				COPY_PHASE_STRIP = NO;
				DEBUG_INFORMATION_FORMAT = dwarf;
				ENABLE_STRICT_OBJC_MSGSEND = YES;
				ENABLE_TESTABILITY = YES;
				GCC_C_LANGUAGE_STANDARD = gnu99;
				GCC_DYNAMIC_NO_PIC = NO;
				GCC_NO_COMMON_BLOCKS = YES;
				GCC_OPTIMIZATION_LEVEL = 0;
				GCC_PREPROCESSOR_DEFINITIONS = (
					"DEBUG=1",
					"$(inherited)",
				);
				GCC_WARN_64_TO_32_BIT_CONVERSION = YES;
				GCC_WARN_ABOUT_RETURN_TYPE = YES_ERROR;
				GCC_WARN_UNDECLARED_SELECTOR = YES;
				GCC_WARN_UNINITIALIZED_AUTOS = YES_AGGRESSIVE;
				GCC_WARN_UNUSED_FUNCTION = YES;
				GCC_WARN_UNUSED_VARIABLE = YES;
				HEADER_SEARCH_PATHS = "../Support/**";
				IPHONEOS_DEPLOYMENT_TARGET = 11.0;
				MTL_ENABLE_DEBUG_INFO = YES;
				ONLY_ACTIVE_ARCH = YES;
				SDKROOT = iphoneos;
				TARGETED_DEVICE_FAMILY = "1,2";
				VALID_ARCHS = arm64;
			};
			name = Debug;
		};
		C2FBF5301ECCE03D004D6691 /* Release */ = {
			isa = XCBuildConfiguration;
			buildSettings = {
				ALWAYS_SEARCH_USER_PATHS = NO;
				CLANG_ANALYZER_NONNULL = YES;
				CLANG_CXX_LANGUAGE_STANDARD = "gnu++0x";
				CLANG_CXX_LIBRARY = "libc++";
				CLANG_ENABLE_MODULES = YES;
				CLANG_ENABLE_OBJC_ARC = YES;
				CLANG_WARN_BLOCK_CAPTURE_AUTORELEASING = YES;
				CLANG_WARN_BOOL_CONVERSION = YES;
				CLANG_WARN_COMMA = YES;
				CLANG_WARN_CONSTANT_CONVERSION = YES;
				CLANG_WARN_DEPRECATED_OBJC_IMPLEMENTATIONS = YES;
				CLANG_WARN_DIRECT_OBJC_ISA_USAGE = YES_ERROR;
				CLANG_WARN_DOCUMENTATION_COMMENTS = NO;
				CLANG_WARN_EMPTY_BODY = YES;
				CLANG_WARN_ENUM_CONVERSION = YES;
				CLANG_WARN_INFINITE_RECURSION = YES;
				CLANG_WARN_INT_CONVERSION = YES;
				CLANG_WARN_NON_LITERAL_NULL_CONVERSION = YES;
				CLANG_WARN_OBJC_IMPLICIT_RETAIN_SELF = YES;
				CLANG_WARN_OBJC_LITERAL_CONVERSION = YES;
				CLANG_WARN_OBJC_ROOT_CLASS = YES_ERROR;
				CLANG_WARN_RANGE_LOOP_ANALYSIS = YES;
				CLANG_WARN_STRICT_PROTOTYPES = YES;
				CLANG_WARN_SUSPICIOUS_MOVE = YES;
				CLANG_WARN_UNREACHABLE_CODE = YES;
				CLANG_WARN__DUPLICATE_METHOD_MATCH = YES;
				"CODE_SIGN_IDENTITY[sdk=iphoneos*]" = "iPhone Developer";
				COPY_PHASE_STRIP = NO;
				DEBUG_INFORMATION_FORMAT = "dwarf-with-dsym";
				ENABLE_NS_ASSERTIONS = NO;
				ENABLE_STRICT_OBJC_MSGSEND = YES;
				GCC_C_LANGUAGE_STANDARD = gnu99;
				GCC_NO_COMMON_BLOCKS = YES;
				GCC_WARN_64_TO_32_BIT_CONVERSION = YES;
				GCC_WARN_ABOUT_RETURN_TYPE = YES_ERROR;
				GCC_WARN_UNDECLARED_SELECTOR = YES;
				GCC_WARN_UNINITIALIZED_AUTOS = YES_AGGRESSIVE;
				GCC_WARN_UNUSED_FUNCTION = YES;
				GCC_WARN_UNUSED_VARIABLE = YES;
				HEADER_SEARCH_PATHS = "../Support/**";
				IPHONEOS_DEPLOYMENT_TARGET = 11.0;
				MTL_ENABLE_DEBUG_INFO = NO;
				ONLY_ACTIVE_ARCH = YES;
				SDKROOT = iphoneos;
				TARGETED_DEVICE_FAMILY = "1,2";
				VALIDATE_PRODUCT = YES;
				VALID_ARCHS = arm64;
			};
			name = Release;
		};
		C2FBF5321ECCE03D004D6691 /* Debug */ = {
			isa = XCBuildConfiguration;
			baseConfigurationReference = DA962D62528DEBB0F4BAC6F9 /* Pods-SimpleChat.debug.xcconfig */;
			buildSettings = {
				ASSETCATALOG_COMPILER_APPICON_NAME = AppIcon;
				CODE_SIGN_ENTITLEMENTS = SimpleChat/SimpleChat.entitlements;
				DEVELOPMENT_TEAM = "";
				ENABLE_BITCODE = NO;
				FRAMEWORK_SEARCH_PATHS = (
					"$(inherited)",
					"$(PROJECT_DIR)/../../sdk",
					"$(PROJECT_DIR)",
				);
				INFOPLIST_FILE = SimpleChat/Info.plist;
				IPHONEOS_DEPLOYMENT_TARGET = 11.0;
				LD_RUNPATH_SEARCH_PATHS = "$(inherited) @executable_path/Frameworks";
				PRODUCT_BUNDLE_IDENTIFIER = com.blackberry.SimpleChat;
				PRODUCT_NAME = "$(TARGET_NAME)";
			};
			name = Debug;
		};
		C2FBF5331ECCE03D004D6691 /* Release */ = {
			isa = XCBuildConfiguration;
			baseConfigurationReference = 84A4A96678E4F057292AECB4 /* Pods-SimpleChat.release.xcconfig */;
			buildSettings = {
				ASSETCATALOG_COMPILER_APPICON_NAME = AppIcon;
				CODE_SIGN_ENTITLEMENTS = SimpleChat/SimpleChat.entitlements;
				DEVELOPMENT_TEAM = "";
				ENABLE_BITCODE = NO;
				FRAMEWORK_SEARCH_PATHS = (
					"$(inherited)",
					"$(PROJECT_DIR)/../../sdk",
					"$(PROJECT_DIR)",
				);
				INFOPLIST_FILE = SimpleChat/Info.plist;
				IPHONEOS_DEPLOYMENT_TARGET = 11.0;
				LD_RUNPATH_SEARCH_PATHS = "$(inherited) @executable_path/Frameworks";
				PRODUCT_BUNDLE_IDENTIFIER = com.blackberry.SimpleChat;
				PRODUCT_NAME = "$(TARGET_NAME)";
			};
			name = Release;
		};
/* End XCBuildConfiguration section */

/* Begin XCConfigurationList section */
		C2FBF5151ECCE03D004D6691 /* Build configuration list for PBXProject "SimpleChat" */ = {
			isa = XCConfigurationList;
			buildConfigurations = (
				C2FBF52F1ECCE03D004D6691 /* Debug */,
				C2FBF5301ECCE03D004D6691 /* Release */,
			);
			defaultConfigurationIsVisible = 0;
			defaultConfigurationName = Release;
		};
		C2FBF5311ECCE03D004D6691 /* Build configuration list for PBXNativeTarget "SimpleChat" */ = {
			isa = XCConfigurationList;
			buildConfigurations = (
				C2FBF5321ECCE03D004D6691 /* Debug */,
				C2FBF5331ECCE03D004D6691 /* Release */,
			);
			defaultConfigurationIsVisible = 0;
			defaultConfigurationName = Release;
		};
/* End XCConfigurationList section */
	};
	rootObject = C2FBF5121ECCE03D004D6691 /* Project object */;
}
