# THIS IS AN AUTOGENERATED FILE. DO NOT EDIT THIS FILE DIRECTLY.
# yarn lockfile v1


"@npm-polymer@https://github.com/Polymer/polymer.git#2.2.0":
  version "2.2.0"
  resolved "https://github.com/Polymer/polymer.git#4e4696b082616ea3812d2bd40bf6821c82019046"

"@webcomponents/webcomponentsjs@^1.0.20":
  version "1.1.1"
  resolved "https://registry.yarnpkg.com/@webcomponents/webcomponentsjs/-/webcomponentsjs-1.1.1.tgz#50caffdf8a901e5357532b7d85e776637a56446a"

"shadycss@https://github.com/webcomponents/shadycss.git#1.1.0":
  version "1.1.0"
  resolved "https://github.com/webcomponents/shadycss.git#ccfa2ec9230d6b59adf2d352590d5273cd361436"
