# THIS IS AN AUTOGENERATED FILE. DO NOT EDIT THIS FILE DIRECTLY.
# yarn lockfile v1


"@polymer/polymer@^3.0.0":
  version "3.2.0"
  resolved "https://registry.yarnpkg.com/@polymer/polymer/-/polymer-3.2.0.tgz#b41fddec4ecac63b12936b93726678d23add7afd"
  integrity sha512-L6uV1oM6T6xbwbVx6t3biG5T2VSSB03LxnIrUd9M2pr6RkHVPFHJ37pC5MUwBAEhkGFJif7eks7fdMMSGZTeEQ==
  dependencies:
    "@webcomponents/shadycss" "^1.8.0"

"@webcomponents/shadycss@^1.8.0":
  version "1.9.1"
  resolved "https://registry.yarnpkg.com/@webcomponents/shadycss/-/shadycss-1.9.1.tgz#d769fbadfa504f11b84caeef26701f89070ec49a"
  integrity sha512-IaZOnWOKXHghqk/WfPNDRIgDBi3RsVPY2IFAw6tYiL9UBGvQRy5R6uC+Fk7qTZsReTJ0xh5MTT8yAcb3MUR4mQ==

"@webcomponents/webcomponentsjs@^2.0.0":
  version "2.2.10"
  resolved "https://registry.yarnpkg.com/@webcomponents/webcomponentsjs/-/webcomponentsjs-2.2.10.tgz#6f6bee0277833ae98d7e5b46f1e0fdb48cd5ff44"
  integrity sha512-5dzhUhP+h0qMiK0IWb7VNb0OGBoXO3AuI6Qi8t9PoKT50s5L1jv0xnwnLq+cFgPuTB8FLTNP8xIDmyoOsKBy9Q==
