# THIS IS AN AUTOGENERATED FILE. DO NOT EDIT THIS FILE DIRECTLY.
# yarn lockfile v1


"@npm-polymer/polymer@^2.0.1":
  version "2.0.1"
  resolved "https://registry.yarnpkg.com/@npm-polymer/polymer/-/polymer-2.0.1.tgz#6d0b8c9ad561c4f385412d442b6ef7d51bedda3b"

"@npm-polymer/shadycss@https://github.com/webcomponents/shadycss.git#1.1.0":
  version "1.1.0"
  resolved "https://github.com/webcomponents/shadycss.git#ccfa2ec9230d6b59adf2d352590d5273cd361436"

"@webcomponents/webcomponentsjs@^1.0.20":
  version "1.2.0"
  resolved "https://registry.yarnpkg.com/@webcomponents/webcomponentsjs/-/webcomponentsjs-1.2.0.tgz#c9e129340c3e4637f5fa6505e968e85face7bd5b"

"bbmCall@file:../support/ui/widgets/bbmCall":
  version "1.0.0"
  dependencies:
    "@npm-polymer/polymer" "^2.0.1"
    "@npm-polymer/shadycss" "https://github.com/webcomponents/shadycss.git#1.1.0"
    "@webcomponents/webcomponentsjs" "^1.0.20"
